
Microsoft Visual Studio Solution File, Format Version 12.00
# Visual Studio Version 17
VisualStudioVersion = 17.9.34714.143
MinimumVisualStudioVersion = 10.0.40219.1
Project("{FAE04EC0-301F-11D3-BF4B-00C04F79EFBC}") = "CurrencyExchange", "CurrencyExchange\CurrencyExchange.csproj", "{7B727F07-A03C-4127-8F13-0311517A080D}"
EndProject
Global
	GlobalSection(SolutionConfigurationPlatforms) = preSolution
		Debug|Any CPU = Debug|Any CPU
		Release|Any CPU = Release|Any CPU
	EndGlobalSection
	GlobalSection(ProjectConfigurationPlatforms) = postSolution
		{7B727F07-A03C-4127-8F13-0311517A080D}.Debug|Any CPU.ActiveCfg = Debug|Any CPU
		{7B727F07-A03C-4127-8F13-0311517A080D}.Debug|Any CPU.Build.0 = Debug|Any CPU
		{7B727F07-A03C-4127-8F13-0311517A080D}.Release|Any CPU.ActiveCfg = Release|Any CPU
		{7B727F07-A03C-4127-8F13-0311517A080D}.Release|Any CPU.Build.0 = Release|Any CPU
	EndGlobalSection
	GlobalSection(SolutionProperties) = preSolution
		HideSolutionNode = FALSE
	EndGlobalSection
	GlobalSection(ExtensibilityGlobals) = postSolution
		SolutionGuid = {33D95A2E-C094-46D8-9EAE-8D2C38EFD16B}
	EndGlobalSection
EndGlobal
